{
  "name": "relay-computer-blog",
  "version": "2.0.0",
  "lockfileVersion": 2,
  "requires": true,
  "packages": {
    "": {
      "name": "relay-computer-blog",
      "version": "2.0.0",
      "dependencies": {
        "bulma": "^0.8.0",
        "bulma-badge": "^3.0.1"
      },
      "devDependencies": {}
    },
    "node_modules/bulma": {
      "version": "0.8.2",
      "resolved": "https://registry.npmjs.org/bulma/-/bulma-0.8.2.tgz",
      "integrity": "sha512-vMM/ijYSxX+Sm+nD7Lmc1UgWDy2JcL2nTKqwgEqXuOMU+IGALbXd5MLt/BcjBAPLIx36TtzhzBcSnOP974gcqA=="
    },
    "node_modules/bulma-badge": {
      "version": "3.0.1",
      "resolved": "https://registry.npmjs.org/bulma-badge/-/bulma-badge-3.0.1.tgz",
      "integrity": "sha512-owRTbInXkpsSrFSvCXyWMNyjcQXr7j3Vj4aSnKYISalcmYqql/YVC7e82M/MXFQG8J66ak5VvIu6dCrdAiQUtQ==",
      "dependencies": {
        "bulma": "latest"
      }
    },
    "node_modules/bulma-badge/node_modules/bulma": {
      "version": "0.9.3",
      "resolved": "https://registry.npmjs.org/bulma/-/bulma-0.9.3.tgz",
      "integrity": "sha512-0d7GNW1PY4ud8TWxdNcP6Cc8Bu7MxcntD/RRLGWuiw/s0a9P+XlH/6QoOIrmbj6o8WWJzJYhytiu9nFjTszk1g=="
    }
  },
  "dependencies": {
    "bulma": {
      "version": "0.8.2",
      "resolved": "https://registry.npmjs.org/bulma/-/bulma-0.8.2.tgz",
      "integrity": "sha512-vMM/ijYSxX+Sm+nD7Lmc1UgWDy2JcL2nTKqwgEqXuOMU+IGALbXd5MLt/BcjBAPLIx36TtzhzBcSnOP974gcqA=="
    },
    "bulma-badge": {
      "version": "3.0.1",
      "resolved": "https://registry.npmjs.org/bulma-badge/-/bulma-badge-3.0.1.tgz",
      "integrity": "sha512-owRTbInXkpsSrFSvCXyWMNyjcQXr7j3Vj4aSnKYISalcmYqql/YVC7e82M/MXFQG8J66ak5VvIu6dCrdAiQUtQ==",
      "requires": {
        "bulma": "latest"
      },
      "dependencies": {
        "bulma": {
          "version": "0.9.3",
          "resolved": "https://registry.npmjs.org/bulma/-/bulma-0.9.3.tgz",
          "integrity": "sha512-0d7GNW1PY4ud8TWxdNcP6Cc8Bu7MxcntD/RRLGWuiw/s0a9P+XlH/6QoOIrmbj6o8WWJzJYhytiu9nFjTszk1g=="
        }
      }
    }
  }
}
